// !$*UTF8*$!
{
	archiveVersion = 1;
	classes = {
	};
	objectVersion = 50;
	objects = {

/* Begin PBXBuildFile section */
		770A633C24E6BD730072A235 /* .swiftlint.yml in Resources */ = {isa = PBXBuildFile; fileRef = 770A633B24E6BD730072A235 /* .swiftlint.yml */; };
		770A634024E6CA600072A235 /* Colors.swift in Sources */ = {isa = PBXBuildFile; fileRef = 770A633F24E6CA600072A235 /* Colors.swift */; };
		770A634224E6CC2D0072A235 /* Fonts.swift in Sources */ = {isa = PBXBuildFile; fileRef = 770A634124E6CC2D0072A235 /* Fonts.swift */; };
		770A634424E6DC2F0072A235 /* TabBarViewController.swift in Sources */ = {isa = PBXBuildFile; fileRef = 770A634324E6DC2F0072A235 /* TabBarViewController.swift */; };
		770A634824E6DF1B0072A235 /* CelestialBodyTableViewController.swift in Sources */ = {isa = PBXBuildFile; fileRef = 770A634724E6DF1B0072A235 /* CelestialBodyTableViewController.swift */; };
		770E993C24EE9C3300C59F30 /* mercury.json in Resources */ = {isa = PBXBuildFile; fileRef = 770E993B24EE9C3300C59F30 /* mercury.json */; };
		770E993E24EE9C4C00C59F30 /* venus.json in Resources */ = {isa = PBXBuildFile; fileRef = 770E993D24EE9C4C00C59F30 /* venus.json */; };
		770E994024EE9C5D00C59F30 /* earth.json in Resources */ = {isa = PBXBuildFile; fileRef = 770E993F24EE9C5D00C59F30 /* earth.json */; };
		770E994224EE9C7400C59F30 /* mars.json in Resources */ = {isa = PBXBuildFile; fileRef = 770E994124EE9C7400C59F30 /* mars.json */; };
		770E994424EE9C8100C59F30 /* jupiter.json in Resources */ = {isa = PBXBuildFile; fileRef = 770E994324EE9C8100C59F30 /* jupiter.json */; };
		770E994624EE9CB100C59F30 /* saturn.json in Resources */ = {isa = PBXBuildFile; fileRef = 770E994524EE9CB100C59F30 /* saturn.json */; };
		770E994824EE9CBC00C59F30 /* uranus.json in Resources */ = {isa = PBXBuildFile; fileRef = 770E994724EE9CBC00C59F30 /* uranus.json */; };
		770E994A24EE9CC600C59F30 /* neptune.json in Resources */ = {isa = PBXBuildFile; fileRef = 770E994924EE9CC600C59F30 /* neptune.json */; };
		770E994C24EE9CD100C59F30 /* pluto.json in Resources */ = {isa = PBXBuildFile; fileRef = 770E994B24EE9CD100C59F30 /* pluto.json */; };
		770E994E24EE9CDC00C59F30 /* moon.json in Resources */ = {isa = PBXBuildFile; fileRef = 770E994D24EE9CDC00C59F30 /* moon.json */; };
		770E995024EE9CE600C59F30 /* phobos.json in Resources */ = {isa = PBXBuildFile; fileRef = 770E994F24EE9CE600C59F30 /* phobos.json */; };
		770E995224EE9CF100C59F30 /* titan.json in Resources */ = {isa = PBXBuildFile; fileRef = 770E995124EE9CF100C59F30 /* titan.json */; };
		770E995424EE9CFB00C59F30 /* rhea.json in Resources */ = {isa = PBXBuildFile; fileRef = 770E995324EE9CFB00C59F30 /* rhea.json */; };
		770E995624EE9D0500C59F30 /* enceladus.json in Resources */ = {isa = PBXBuildFile; fileRef = 770E995524EE9D0500C59F30 /* enceladus.json */; };
		770E995824EE9D0E00C59F30 /* ganymede.json in Resources */ = {isa = PBXBuildFile; fileRef = 770E995724EE9D0E00C59F30 /* ganymede.json */; };
		770E995A24EE9D1800C59F30 /* callisto.json in Resources */ = {isa = PBXBuildFile; fileRef = 770E995924EE9D1800C59F30 /* callisto.json */; };
		770E995C24EE9D2100C59F30 /* io.json in Resources */ = {isa = PBXBuildFile; fileRef = 770E995B24EE9D2100C59F30 /* io.json */; };
		770E995E24EE9D2A00C59F30 /* titania.json in Resources */ = {isa = PBXBuildFile; fileRef = 770E995D24EE9D2A00C59F30 /* titania.json */; };
		770E996024EE9D3600C59F30 /* triton.json in Resources */ = {isa = PBXBuildFile; fileRef = 770E995F24EE9D3600C59F30 /* triton.json */; };
		770E996224EE9D3E00C59F30 /* charon.json in Resources */ = {isa = PBXBuildFile; fileRef = 770E996124EE9D3E00C59F30 /* charon.json */; };
		770E996424EE9D4800C59F30 /* sun.json in Resources */ = {isa = PBXBuildFile; fileRef = 770E996324EE9D4800C59F30 /* sun.json */; };
		770E996624EEA59A00C59F30 /* CelestialBodyDescription.swift in Sources */ = {isa = PBXBuildFile; fileRef = 770E996524EEA59A00C59F30 /* CelestialBodyDescription.swift */; };
		770E996824EEA5DC00C59F30 /* CelestialBodyDescriptionModel.swift in Sources */ = {isa = PBXBuildFile; fileRef = 770E996724EEA5DC00C59F30 /* CelestialBodyDescriptionModel.swift */; };
		770E996A24EEA9F400C59F30 /* CelestialBodyDescriptionModelTests.swift in Sources */ = {isa = PBXBuildFile; fileRef = 770E996924EEA9F400C59F30 /* CelestialBodyDescriptionModelTests.swift */; };
		770E996D24EEBDEA00C59F30 /* CelestialBodyDataViewController.swift in Sources */ = {isa = PBXBuildFile; fileRef = 770E996C24EEBDEA00C59F30 /* CelestialBodyDataViewController.swift */; };
		77397BF424BCD47A005EEF22 /* AppDelegate.swift in Sources */ = {isa = PBXBuildFile; fileRef = 77397BF324BCD47A005EEF22 /* AppDelegate.swift */; };
		77397BF624BCD47A005EEF22 /* SceneDelegate.swift in Sources */ = {isa = PBXBuildFile; fileRef = 77397BF524BCD47A005EEF22 /* SceneDelegate.swift */; };
		77397BFD24BCD47B005EEF22 /* Assets.xcassets in Resources */ = {isa = PBXBuildFile; fileRef = 77397BFC24BCD47B005EEF22 /* Assets.xcassets */; };
		77397C0024BCD47B005EEF22 /* LaunchScreen.storyboard in Resources */ = {isa = PBXBuildFile; fileRef = 77397BFE24BCD47B005EEF22 /* LaunchScreen.storyboard */; };
		7739DC3D24E8F1ED00C51E70 /* celestialBody.json in Resources */ = {isa = PBXBuildFile; fileRef = 7739DC3C24E8F1ED00C51E70 /* celestialBody.json */; };
		7739DC3F24E8F7F900C51E70 /* CelestialBody.swift in Sources */ = {isa = PBXBuildFile; fileRef = 7739DC3E24E8F7F900C51E70 /* CelestialBody.swift */; };
		7739DC4124E8FCF300C51E70 /* CelestialBodyModel.swift in Sources */ = {isa = PBXBuildFile; fileRef = 7739DC4024E8FCF300C51E70 /* CelestialBodyModel.swift */; };
		773BD2C2257ED172003D78BF /* URLSessionMock.swift in Sources */ = {isa = PBXBuildFile; fileRef = 773BD2C1257ED172003D78BF /* URLSessionMock.swift */; };
		773BD2D2257ED18D003D78BF /* DataTaskMock.swift in Sources */ = {isa = PBXBuildFile; fileRef = 773BD2D1257ED18D003D78BF /* DataTaskMock.swift */; };
		773BD2D7257ED1AB003D78BF /* TestDataMock.swift in Sources */ = {isa = PBXBuildFile; fileRef = 773BD2D6257ED1AB003D78BF /* TestDataMock.swift */; };
		773BFA3C24E58DA60099B855 /* Planets.storyboard in Resources */ = {isa = PBXBuildFile; fileRef = 773BFA3B24E58DA60099B855 /* Planets.storyboard */; };
		773BFA3E24E58DC90099B855 /* Satellites.storyboard in Resources */ = {isa = PBXBuildFile; fileRef = 773BFA3D24E58DC90099B855 /* Satellites.storyboard */; };
		773BFA4024E58DDA0099B855 /* Stars.storyboard in Resources */ = {isa = PBXBuildFile; fileRef = 773BFA3F24E58DDA0099B855 /* Stars.storyboard */; };
		774EC1EE250447B300152774 /* CelestialBodyImages.swift in Sources */ = {isa = PBXBuildFile; fileRef = 774EC1ED250447B300152774 /* CelestialBodyImages.swift */; };
		774EC1F0250449A200152774 /* Repository.swift in Sources */ = {isa = PBXBuildFile; fileRef = 774EC1EF250449A200152774 /* Repository.swift */; };
		7751B6F224F7DA1200833E58 /* OnBoardingView.swift in Sources */ = {isa = PBXBuildFile; fileRef = 7751B6F124F7DA1200833E58 /* OnBoardingView.swift */; };
		7751B6F424F7E5DC00833E58 /* OnBoardingViewController.swift in Sources */ = {isa = PBXBuildFile; fileRef = 7751B6F324F7E5DC00833E58 /* OnBoardingViewController.swift */; };
		775237912530F954001DC0BB /* CelestialBodyImagesTableViewCell.swift in Sources */ = {isa = PBXBuildFile; fileRef = 775237902530F954001DC0BB /* CelestialBodyImagesTableViewCell.swift */; };
		77682AA3252FE4A300572839 /* CelestialBodyDataTableView.swift in Sources */ = {isa = PBXBuildFile; fileRef = 77682AA2252FE4A300572839 /* CelestialBodyDataTableView.swift */; };
		77682AA8252FE72500572839 /* InformationsTableViewCell.swift in Sources */ = {isa = PBXBuildFile; fileRef = 77682AA7252FE72500572839 /* InformationsTableViewCell.swift */; };
		777A350624ED660900B4874E /* ApiModel.swift in Sources */ = {isa = PBXBuildFile; fileRef = 777A350524ED660900B4874E /* ApiModel.swift */; };
		777A350824ED664700B4874E /* Response.swift in Sources */ = {isa = PBXBuildFile; fileRef = 777A350724ED664700B4874E /* Response.swift */; };
		777A350A24ED6A8500B4874E /* CelestialBodyNames.swift in Sources */ = {isa = PBXBuildFile; fileRef = 777A350924ED6A8500B4874E /* CelestialBodyNames.swift */; };
		7783609C24EFF1AC00191F50 /* CelestialBodyImagesCollectionView.swift in Sources */ = {isa = PBXBuildFile; fileRef = 7783609B24EFF1AC00191F50 /* CelestialBodyImagesCollectionView.swift */; };
		7783609E24EFF24100191F50 /* CelestialBodyImagesCollectionViewCell.swift in Sources */ = {isa = PBXBuildFile; fileRef = 7783609D24EFF24100191F50 /* CelestialBodyImagesCollectionViewCell.swift */; };
		778360A124F013E200191F50 /* CelestialBodyImageViewController.swift in Sources */ = {isa = PBXBuildFile; fileRef = 778360A024F013E200191F50 /* CelestialBodyImageViewController.swift */; };
		77B103B924F21B7800AFEB55 /* CelestialBodyNamesTests.swift in Sources */ = {isa = PBXBuildFile; fileRef = 77B103B824F21B7800AFEB55 /* CelestialBodyNamesTests.swift */; };
		77B103C324F2227900AFEB55 /* FisrtPageUITests.swift in Sources */ = {isa = PBXBuildFile; fileRef = 77B103C224F2227900AFEB55 /* FisrtPageUITests.swift */; };
		77B103CB24F2270700AFEB55 /* SecondPageUITests.swift in Sources */ = {isa = PBXBuildFile; fileRef = 77B103CA24F2270700AFEB55 /* SecondPageUITests.swift */; };
		77B103CD24F2286A00AFEB55 /* ThirdPageUITests.swift in Sources */ = {isa = PBXBuildFile; fileRef = 77B103CC24F2286A00AFEB55 /* ThirdPageUITests.swift */; };
		77D828E9258174E700E97882 /* ApiModelTests.swift in Sources */ = {isa = PBXBuildFile; fileRef = 77D828E8258174E600E97882 /* ApiModelTests.swift */; };
		77DC2D6724EAC6A4004275A4 /* CelestialBodyModelTests.swift in Sources */ = {isa = PBXBuildFile; fileRef = 77DC2D6624EAC6A4004275A4 /* CelestialBodyModelTests.swift */; };
		77DC2D6924EAFECF004275A4 /* CelestialBodyTableViewCell.swift in Sources */ = {isa = PBXBuildFile; fileRef = 77DC2D6824EAFECF004275A4 /* CelestialBodyTableViewCell.swift */; };
		77F9760724EC3F830051E8BC /* TabBar.storyboard in Resources */ = {isa = PBXBuildFile; fileRef = 77F9760624EC3F830051E8BC /* TabBar.storyboard */; };
/* End PBXBuildFile section */

/* Begin PBXContainerItemProxy section */
		77B103C524F2227900AFEB55 /* PBXContainerItemProxy */ = {
			isa = PBXContainerItemProxy;
			containerPortal = 77397BE824BCD47A005EEF22 /* Project object */;
			proxyType = 1;
			remoteGlobalIDString = 77397BEF24BCD47A005EEF22;
			remoteInfo = TheUniverse;
		};
		77DC2D6124EAC61E004275A4 /* PBXContainerItemProxy */ = {
			isa = PBXContainerItemProxy;
			containerPortal = 77397BE824BCD47A005EEF22 /* Project object */;
			proxyType = 1;
			remoteGlobalIDString = 77397BEF24BCD47A005EEF22;
			remoteInfo = TheUniverse;
		};
/* End PBXContainerItemProxy section */

/* Begin PBXFileReference section */
		770A633B24E6BD730072A235 /* .swiftlint.yml */ = {isa = PBXFileReference; fileEncoding = 4; lastKnownFileType = text.yaml; path = .swiftlint.yml; sourceTree = "<group>"; };
		770A633F24E6CA600072A235 /* Colors.swift */ = {isa = PBXFileReference; lastKnownFileType = sourcecode.swift; path = Colors.swift; sourceTree = "<group>"; };
		770A634124E6CC2D0072A235 /* Fonts.swift */ = {isa = PBXFileReference; lastKnownFileType = sourcecode.swift; path = Fonts.swift; sourceTree = "<group>"; };
		770A634324E6DC2F0072A235 /* TabBarViewController.swift */ = {isa = PBXFileReference; lastKnownFileType = sourcecode.swift; name = TabBarViewController.swift; path = TheUniverse/Controller/FisrtPage/TabBarViewController.swift; sourceTree = SOURCE_ROOT; };
		770A634724E6DF1B0072A235 /* CelestialBodyTableViewController.swift */ = {isa = PBXFileReference; lastKnownFileType = sourcecode.swift; path = CelestialBodyTableViewController.swift; sourceTree = "<group>"; };
		770E993B24EE9C3300C59F30 /* mercury.json */ = {isa = PBXFileReference; lastKnownFileType = text.json; path = mercury.json; sourceTree = "<group>"; };
		770E993D24EE9C4C00C59F30 /* venus.json */ = {isa = PBXFileReference; lastKnownFileType = text.json; path = venus.json; sourceTree = "<group>"; };
		770E993F24EE9C5D00C59F30 /* earth.json */ = {isa = PBXFileReference; lastKnownFileType = text.json; path = earth.json; sourceTree = "<group>"; };
		770E994124EE9C7400C59F30 /* mars.json */ = {isa = PBXFileReference; lastKnownFileType = text.json; path = mars.json; sourceTree = "<group>"; };
		770E994324EE9C8100C59F30 /* jupiter.json */ = {isa = PBXFileReference; lastKnownFileType = text.json; path = jupiter.json; sourceTree = "<group>"; };
		770E994524EE9CB100C59F30 /* saturn.json */ = {isa = PBXFileReference; lastKnownFileType = text.json; path = saturn.json; sourceTree = "<group>"; };
		770E994724EE9CBC00C59F30 /* uranus.json */ = {isa = PBXFileReference; lastKnownFileType = text.json; path = uranus.json; sourceTree = "<group>"; };
		770E994924EE9CC600C59F30 /* neptune.json */ = {isa = PBXFileReference; lastKnownFileType = text.json; path = neptune.json; sourceTree = "<group>"; };
		770E994B24EE9CD100C59F30 /* pluto.json */ = {isa = PBXFileReference; lastKnownFileType = text.json; path = pluto.json; sourceTree = "<group>"; };
		770E994D24EE9CDC00C59F30 /* moon.json */ = {isa = PBXFileReference; lastKnownFileType = text.json; path = moon.json; sourceTree = "<group>"; };
		770E994F24EE9CE600C59F30 /* phobos.json */ = {isa = PBXFileReference; lastKnownFileType = text.json; path = phobos.json; sourceTree = "<group>"; };
		770E995124EE9CF100C59F30 /* titan.json */ = {isa = PBXFileReference; lastKnownFileType = text.json; path = titan.json; sourceTree = "<group>"; };
		770E995324EE9CFB00C59F30 /* rhea.json */ = {isa = PBXFileReference; lastKnownFileType = text.json; path = rhea.json; sourceTree = "<group>"; };
		770E995524EE9D0500C59F30 /* enceladus.json */ = {isa = PBXFileReference; lastKnownFileType = text.json; path = enceladus.json; sourceTree = "<group>"; };
		770E995724EE9D0E00C59F30 /* ganymede.json */ = {isa = PBXFileReference; lastKnownFileType = text.json; path = ganymede.json; sourceTree = "<group>"; };
		770E995924EE9D1800C59F30 /* callisto.json */ = {isa = PBXFileReference; lastKnownFileType = text.json; path = callisto.json; sourceTree = "<group>"; };
		770E995B24EE9D2100C59F30 /* io.json */ = {isa = PBXFileReference; lastKnownFileType = text.json; path = io.json; sourceTree = "<group>"; };
		770E995D24EE9D2A00C59F30 /* titania.json */ = {isa = PBXFileReference; lastKnownFileType = text.json; path = titania.json; sourceTree = "<group>"; };
		770E995F24EE9D3600C59F30 /* triton.json */ = {isa = PBXFileReference; lastKnownFileType = text.json; path = triton.json; sourceTree = "<group>"; };
		770E996124EE9D3E00C59F30 /* charon.json */ = {isa = PBXFileReference; lastKnownFileType = text.json; path = charon.json; sourceTree = "<group>"; };
		770E996324EE9D4800C59F30 /* sun.json */ = {isa = PBXFileReference; lastKnownFileType = text.json; path = sun.json; sourceTree = "<group>"; };
		770E996524EEA59A00C59F30 /* CelestialBodyDescription.swift */ = {isa = PBXFileReference; lastKnownFileType = sourcecode.swift; path = CelestialBodyDescription.swift; sourceTree = "<group>"; };
		770E996724EEA5DC00C59F30 /* CelestialBodyDescriptionModel.swift */ = {isa = PBXFileReference; lastKnownFileType = sourcecode.swift; path = CelestialBodyDescriptionModel.swift; sourceTree = "<group>"; };
		770E996924EEA9F400C59F30 /* CelestialBodyDescriptionModelTests.swift */ = {isa = PBXFileReference; lastKnownFileType = sourcecode.swift; path = CelestialBodyDescriptionModelTests.swift; sourceTree = "<group>"; };
		770E996C24EEBDEA00C59F30 /* CelestialBodyDataViewController.swift */ = {isa = PBXFileReference; lastKnownFileType = sourcecode.swift; path = CelestialBodyDataViewController.swift; sourceTree = "<group>"; };
		77397BF024BCD47A005EEF22 /* TheUniverse.app */ = {isa = PBXFileReference; explicitFileType = wrapper.application; includeInIndex = 0; path = TheUniverse.app; sourceTree = BUILT_PRODUCTS_DIR; };
		77397BF324BCD47A005EEF22 /* AppDelegate.swift */ = {isa = PBXFileReference; lastKnownFileType = sourcecode.swift; path = AppDelegate.swift; sourceTree = "<group>"; };
		77397BF524BCD47A005EEF22 /* SceneDelegate.swift */ = {isa = PBXFileReference; lastKnownFileType = sourcecode.swift; path = SceneDelegate.swift; sourceTree = "<group>"; };
		77397BFC24BCD47B005EEF22 /* Assets.xcassets */ = {isa = PBXFileReference; lastKnownFileType = folder.assetcatalog; path = Assets.xcassets; sourceTree = "<group>"; };
		77397BFF24BCD47B005EEF22 /* Base */ = {isa = PBXFileReference; lastKnownFileType = file.storyboard; name = Base; path = Base.lproj/LaunchScreen.storyboard; sourceTree = "<group>"; };
		77397C0124BCD47B005EEF22 /* Info.plist */ = {isa = PBXFileReference; lastKnownFileType = text.plist.xml; path = Info.plist; sourceTree = "<group>"; };
		7739DC3C24E8F1ED00C51E70 /* celestialBody.json */ = {isa = PBXFileReference; lastKnownFileType = text.json; path = celestialBody.json; sourceTree = "<group>"; };
		7739DC3E24E8F7F900C51E70 /* CelestialBody.swift */ = {isa = PBXFileReference; lastKnownFileType = sourcecode.swift; path = CelestialBody.swift; sourceTree = "<group>"; };
		7739DC4024E8FCF300C51E70 /* CelestialBodyModel.swift */ = {isa = PBXFileReference; lastKnownFileType = sourcecode.swift; path = CelestialBodyModel.swift; sourceTree = "<group>"; };
		773BD2C1257ED172003D78BF /* URLSessionMock.swift */ = {isa = PBXFileReference; lastKnownFileType = sourcecode.swift; path = URLSessionMock.swift; sourceTree = "<group>"; };
		773BD2D1257ED18D003D78BF /* DataTaskMock.swift */ = {isa = PBXFileReference; lastKnownFileType = sourcecode.swift; path = DataTaskMock.swift; sourceTree = "<group>"; };
		773BD2D6257ED1AB003D78BF /* TestDataMock.swift */ = {isa = PBXFileReference; lastKnownFileType = sourcecode.swift; path = TestDataMock.swift; sourceTree = "<group>"; };
		773BFA3B24E58DA60099B855 /* Planets.storyboard */ = {isa = PBXFileReference; lastKnownFileType = file.storyboard; path = Planets.storyboard; sourceTree = "<group>"; };
		773BFA3D24E58DC90099B855 /* Satellites.storyboard */ = {isa = PBXFileReference; lastKnownFileType = file.storyboard; path = Satellites.storyboard; sourceTree = "<group>"; };
		773BFA3F24E58DDA0099B855 /* Stars.storyboard */ = {isa = PBXFileReference; lastKnownFileType = file.storyboard; path = Stars.storyboard; sourceTree = "<group>"; };
		774EC1ED250447B300152774 /* CelestialBodyImages.swift */ = {isa = PBXFileReference; lastKnownFileType = sourcecode.swift; path = CelestialBodyImages.swift; sourceTree = "<group>"; };
		774EC1EF250449A200152774 /* Repository.swift */ = {isa = PBXFileReference; lastKnownFileType = sourcecode.swift; path = Repository.swift; sourceTree = "<group>"; };
		7751B6F124F7DA1200833E58 /* OnBoardingView.swift */ = {isa = PBXFileReference; lastKnownFileType = sourcecode.swift; path = OnBoardingView.swift; sourceTree = "<group>"; };
		7751B6F324F7E5DC00833E58 /* OnBoardingViewController.swift */ = {isa = PBXFileReference; lastKnownFileType = sourcecode.swift; path = OnBoardingViewController.swift; sourceTree = "<group>"; };
		775237902530F954001DC0BB /* CelestialBodyImagesTableViewCell.swift */ = {isa = PBXFileReference; lastKnownFileType = sourcecode.swift; path = CelestialBodyImagesTableViewCell.swift; sourceTree = "<group>"; };
		77682AA2252FE4A300572839 /* CelestialBodyDataTableView.swift */ = {isa = PBXFileReference; lastKnownFileType = sourcecode.swift; path = CelestialBodyDataTableView.swift; sourceTree = "<group>"; };
		77682AA7252FE72500572839 /* InformationsTableViewCell.swift */ = {isa = PBXFileReference; lastKnownFileType = sourcecode.swift; path = InformationsTableViewCell.swift; sourceTree = "<group>"; };
		777A350524ED660900B4874E /* ApiModel.swift */ = {isa = PBXFileReference; lastKnownFileType = sourcecode.swift; path = ApiModel.swift; sourceTree = "<group>"; };
		777A350724ED664700B4874E /* Response.swift */ = {isa = PBXFileReference; lastKnownFileType = sourcecode.swift; path = Response.swift; sourceTree = "<group>"; };
		777A350924ED6A8500B4874E /* CelestialBodyNames.swift */ = {isa = PBXFileReference; lastKnownFileType = sourcecode.swift; path = CelestialBodyNames.swift; sourceTree = "<group>"; };
		7783609B24EFF1AC00191F50 /* CelestialBodyImagesCollectionView.swift */ = {isa = PBXFileReference; lastKnownFileType = sourcecode.swift; path = CelestialBodyImagesCollectionView.swift; sourceTree = "<group>"; };
		7783609D24EFF24100191F50 /* CelestialBodyImagesCollectionViewCell.swift */ = {isa = PBXFileReference; lastKnownFileType = sourcecode.swift; path = CelestialBodyImagesCollectionViewCell.swift; sourceTree = "<group>"; };
		778360A024F013E200191F50 /* CelestialBodyImageViewController.swift */ = {isa = PBXFileReference; lastKnownFileType = sourcecode.swift; path = CelestialBodyImageViewController.swift; sourceTree = "<group>"; };
		77B103B824F21B7800AFEB55 /* CelestialBodyNamesTests.swift */ = {isa = PBXFileReference; lastKnownFileType = sourcecode.swift; path = CelestialBodyNamesTests.swift; sourceTree = "<group>"; };
		77B103C024F2227900AFEB55 /* TheUniverseUITests.xctest */ = {isa = PBXFileReference; explicitFileType = wrapper.cfbundle; includeInIndex = 0; path = TheUniverseUITests.xctest; sourceTree = BUILT_PRODUCTS_DIR; };
		77B103C224F2227900AFEB55 /* FisrtPageUITests.swift */ = {isa = PBXFileReference; lastKnownFileType = sourcecode.swift; path = FisrtPageUITests.swift; sourceTree = "<group>"; };
		77B103C424F2227900AFEB55 /* Info.plist */ = {isa = PBXFileReference; lastKnownFileType = text.plist.xml; path = Info.plist; sourceTree = "<group>"; };
		77B103CA24F2270700AFEB55 /* SecondPageUITests.swift */ = {isa = PBXFileReference; lastKnownFileType = sourcecode.swift; path = SecondPageUITests.swift; sourceTree = "<group>"; };
		77B103CC24F2286A00AFEB55 /* ThirdPageUITests.swift */ = {isa = PBXFileReference; lastKnownFileType = sourcecode.swift; path = ThirdPageUITests.swift; sourceTree = "<group>"; };
		77C8A1CF251A965E0079D58C /* TheUniverse.entitlements */ = {isa = PBXFileReference; lastKnownFileType = text.plist.entitlements; path = TheUniverse.entitlements; sourceTree = "<group>"; };
		77D828E8258174E600E97882 /* ApiModelTests.swift */ = {isa = PBXFileReference; lastKnownFileType = sourcecode.swift; path = ApiModelTests.swift; sourceTree = "<group>"; };
		77DC2D5C24EAC61E004275A4 /* TheUniverseTests.xctest */ = {isa = PBXFileReference; explicitFileType = wrapper.cfbundle; includeInIndex = 0; path = TheUniverseTests.xctest; sourceTree = BUILT_PRODUCTS_DIR; };
		77DC2D6024EAC61E004275A4 /* Info.plist */ = {isa = PBXFileReference; lastKnownFileType = text.plist.xml; path = Info.plist; sourceTree = "<group>"; };
		77DC2D6624EAC6A4004275A4 /* CelestialBodyModelTests.swift */ = {isa = PBXFileReference; lastKnownFileType = sourcecode.swift; path = CelestialBodyModelTests.swift; sourceTree = "<group>"; };
		77DC2D6824EAFECF004275A4 /* CelestialBodyTableViewCell.swift */ = {isa = PBXFileReference; lastKnownFileType = sourcecode.swift; path = CelestialBodyTableViewCell.swift; sourceTree = "<group>"; };
		77F9760624EC3F830051E8BC /* TabBar.storyboard */ = {isa = PBXFileReference; lastKnownFileType = file.storyboard; path = TabBar.storyboard; sourceTree = "<group>"; };
/* End PBXFileReference section */

/* Begin PBXFrameworksBuildPhase section */
		77397BED24BCD47A005EEF22 /* Frameworks */ = {
			isa = PBXFrameworksBuildPhase;
			buildActionMask = 2147483647;
			files = (
			);
			runOnlyForDeploymentPostprocessing = 0;
		};
		77B103BD24F2227900AFEB55 /* Frameworks */ = {
			isa = PBXFrameworksBuildPhase;
			buildActionMask = 2147483647;
			files = (
			);
			runOnlyForDeploymentPostprocessing = 0;
		};
		77DC2D5924EAC61E004275A4 /* Frameworks */ = {
			isa = PBXFrameworksBuildPhase;
			buildActionMask = 2147483647;
			files = (
			);
			runOnlyForDeploymentPostprocessing = 0;
		};
/* End PBXFrameworksBuildPhase section */

/* Begin PBXGroup section */
		770A633D24E6C4DF0072A235 /* FirstPage */ = {
			isa = PBXGroup;
			children = (
				77F9760624EC3F830051E8BC /* TabBar.storyboard */,
				773BFA3B24E58DA60099B855 /* Planets.storyboard */,
				773BFA3D24E58DC90099B855 /* Satellites.storyboard */,
				773BFA3F24E58DDA0099B855 /* Stars.storyboard */,
			);
			path = FirstPage;
			sourceTree = "<group>";
		};
		770A633E24E6CA390072A235 /* Utils */ = {
			isa = PBXGroup;
			children = (
				770A633F24E6CA600072A235 /* Colors.swift */,
				770A634124E6CC2D0072A235 /* Fonts.swift */,
			);
			path = Utils;
			sourceTree = "<group>";
		};
		770A634624E6DCF40072A235 /* FisrtPage */ = {
			isa = PBXGroup;
			children = (
				770A634324E6DC2F0072A235 /* TabBarViewController.swift */,
				770A634724E6DF1B0072A235 /* CelestialBodyTableViewController.swift */,
				77DC2D6824EAFECF004275A4 /* CelestialBodyTableViewCell.swift */,
			);
			path = FisrtPage;
			sourceTree = "<group>";
		};
		770E996B24EEBD6E00C59F30 /* SecondPage */ = {
			isa = PBXGroup;
			children = (
				770E996C24EEBDEA00C59F30 /* CelestialBodyDataViewController.swift */,
				77682AA2252FE4A300572839 /* CelestialBodyDataTableView.swift */,
				775237902530F954001DC0BB /* CelestialBodyImagesTableViewCell.swift */,
				7783609B24EFF1AC00191F50 /* CelestialBodyImagesCollectionView.swift */,
				7783609D24EFF24100191F50 /* CelestialBodyImagesCollectionViewCell.swift */,
				77682AA7252FE72500572839 /* InformationsTableViewCell.swift */,
			);
			path = SecondPage;
			sourceTree = "<group>";
		};
		77397BE724BCD47A005EEF22 = {
			isa = PBXGroup;
			children = (
				77397BF224BCD47A005EEF22 /* TheUniverse */,
				77DC2D5D24EAC61E004275A4 /* TheUniverseTests */,
				77B103C124F2227900AFEB55 /* TheUniverseUITests */,
				77397BF124BCD47A005EEF22 /* Products */,
			);
			sourceTree = "<group>";
		};
		77397BF124BCD47A005EEF22 /* Products */ = {
			isa = PBXGroup;
			children = (
				77397BF024BCD47A005EEF22 /* TheUniverse.app */,
				77DC2D5C24EAC61E004275A4 /* TheUniverseTests.xctest */,
				77B103C024F2227900AFEB55 /* TheUniverseUITests.xctest */,
			);
			name = Products;
			sourceTree = "<group>";
		};
		77397BF224BCD47A005EEF22 /* TheUniverse */ = {
			isa = PBXGroup;
			children = (
				77C8A1CF251A965E0079D58C /* TheUniverse.entitlements */,
				77397C2324BCD6B2005EEF22 /* View */,
				77397C2424BCD6BB005EEF22 /* Controller */,
				77397C2524BCD6C3005EEF22 /* Model */,
				77397BFC24BCD47B005EEF22 /* Assets.xcassets */,
				77397BF324BCD47A005EEF22 /* AppDelegate.swift */,
				77397BF524BCD47A005EEF22 /* SceneDelegate.swift */,
				770A633B24E6BD730072A235 /* .swiftlint.yml */,
				77397C0124BCD47B005EEF22 /* Info.plist */,
			);
			path = TheUniverse;
			sourceTree = "<group>";
		};
		77397C2324BCD6B2005EEF22 /* View */ = {
			isa = PBXGroup;
			children = (
				7751B6F024F7D9F200833E58 /* onBoarding */,
				77397BFE24BCD47B005EEF22 /* LaunchScreen.storyboard */,
				770A633D24E6C4DF0072A235 /* FirstPage */,
				770A633E24E6CA390072A235 /* Utils */,
			);
			path = View;
			sourceTree = "<group>";
		};
		77397C2424BCD6BB005EEF22 /* Controller */ = {
			isa = PBXGroup;
			children = (
				7751B6F324F7E5DC00833E58 /* OnBoardingViewController.swift */,
				770A634624E6DCF40072A235 /* FisrtPage */,
				770E996B24EEBD6E00C59F30 /* SecondPage */,
				7783609F24F0132700191F50 /* ThirdPage */,
			);
			path = Controller;
			sourceTree = "<group>";
		};
		77397C2524BCD6C3005EEF22 /* Model */ = {
			isa = PBXGroup;
			children = (
				7739DC3824E8F07800C51E70 /* Data */,
				7739DC3E24E8F7F900C51E70 /* CelestialBody.swift */,
				7739DC4024E8FCF300C51E70 /* CelestialBodyModel.swift */,
				777A350924ED6A8500B4874E /* CelestialBodyNames.swift */,
				777A350524ED660900B4874E /* ApiModel.swift */,
				777A350724ED664700B4874E /* Response.swift */,
				774EC1ED250447B300152774 /* CelestialBodyImages.swift */,
				774EC1EF250449A200152774 /* Repository.swift */,
				770E996724EEA5DC00C59F30 /* CelestialBodyDescriptionModel.swift */,
				770E996524EEA59A00C59F30 /* CelestialBodyDescription.swift */,
			);
			path = Model;
			sourceTree = "<group>";
		};
		7739DC3824E8F07800C51E70 /* Data */ = {
			isa = PBXGroup;
			children = (
				7739DC3C24E8F1ED00C51E70 /* celestialBody.json */,
				774E6375252B908000BD220D /* Planets */,
				77D6A825252BE97600A7FB06 /* Satellites */,
				77D6A829252BF20D00A7FB06 /* Star */,
			);
			path = Data;
			sourceTree = "<group>";
		};
		773BD2C0257ED15D003D78BF /* Mocks */ = {
			isa = PBXGroup;
			children = (
				773BD2C1257ED172003D78BF /* URLSessionMock.swift */,
				773BD2D1257ED18D003D78BF /* DataTaskMock.swift */,
				773BD2D6257ED1AB003D78BF /* TestDataMock.swift */,
			);
			path = Mocks;
			sourceTree = "<group>";
		};
		774E6375252B908000BD220D /* Planets */ = {
			isa = PBXGroup;
			children = (
				770E993B24EE9C3300C59F30 /* mercury.json */,
				770E993D24EE9C4C00C59F30 /* venus.json */,
				770E993F24EE9C5D00C59F30 /* earth.json */,
				770E994124EE9C7400C59F30 /* mars.json */,
				770E994324EE9C8100C59F30 /* jupiter.json */,
				770E994524EE9CB100C59F30 /* saturn.json */,
				770E994724EE9CBC00C59F30 /* uranus.json */,
				770E994924EE9CC600C59F30 /* neptune.json */,
				770E994B24EE9CD100C59F30 /* pluto.json */,
			);
			path = Planets;
			sourceTree = "<group>";
		};
		7751B6F024F7D9F200833E58 /* onBoarding */ = {
			isa = PBXGroup;
			children = (
				7751B6F124F7DA1200833E58 /* OnBoardingView.swift */,
			);
			path = onBoarding;
			sourceTree = "<group>";
		};
		7783609F24F0132700191F50 /* ThirdPage */ = {
			isa = PBXGroup;
			children = (
				778360A024F013E200191F50 /* CelestialBodyImageViewController.swift */,
			);
			path = ThirdPage;
			sourceTree = "<group>";
		};
		77B103C124F2227900AFEB55 /* TheUniverseUITests */ = {
			isa = PBXGroup;
			children = (
				77B103C424F2227900AFEB55 /* Info.plist */,
				77B103C224F2227900AFEB55 /* FisrtPageUITests.swift */,
				77B103CA24F2270700AFEB55 /* SecondPageUITests.swift */,
				77B103CC24F2286A00AFEB55 /* ThirdPageUITests.swift */,
			);
			path = TheUniverseUITests;
			sourceTree = "<group>";
		};
		77D6A825252BE97600A7FB06 /* Satellites */ = {
			isa = PBXGroup;
			children = (
				770E994D24EE9CDC00C59F30 /* moon.json */,
				770E994F24EE9CE600C59F30 /* phobos.json */,
				770E995724EE9D0E00C59F30 /* ganymede.json */,
				770E995924EE9D1800C59F30 /* callisto.json */,
				770E995B24EE9D2100C59F30 /* io.json */,
				770E995124EE9CF100C59F30 /* titan.json */,
				770E995324EE9CFB00C59F30 /* rhea.json */,
				770E995524EE9D0500C59F30 /* enceladus.json */,
				770E995D24EE9D2A00C59F30 /* titania.json */,
				770E995F24EE9D3600C59F30 /* triton.json */,
				770E996124EE9D3E00C59F30 /* charon.json */,
			);
			path = Satellites;
			sourceTree = "<group>";
		};
		77D6A829252BF20D00A7FB06 /* Star */ = {
			isa = PBXGroup;
			children = (
				770E996324EE9D4800C59F30 /* sun.json */,
			);
			path = Star;
			sourceTree = "<group>";
		};
		77DC2D5D24EAC61E004275A4 /* TheUniverseTests */ = {
			isa = PBXGroup;
			children = (
				773BD2C0257ED15D003D78BF /* Mocks */,
				77DC2D6024EAC61E004275A4 /* Info.plist */,
				77DC2D6624EAC6A4004275A4 /* CelestialBodyModelTests.swift */,
				770E996924EEA9F400C59F30 /* CelestialBodyDescriptionModelTests.swift */,
				77B103B824F21B7800AFEB55 /* CelestialBodyNamesTests.swift */,
				77D828E8258174E600E97882 /* ApiModelTests.swift */,
			);
			path = TheUniverseTests;
			sourceTree = "<group>";
		};
/* End PBXGroup section */

/* Begin PBXNativeTarget section */
		77397BEF24BCD47A005EEF22 /* TheUniverse */ = {
			isa = PBXNativeTarget;
			buildConfigurationList = 77397C1A24BCD47C005EEF22 /* Build configuration list for PBXNativeTarget "TheUniverse" */;
			buildPhases = (
				77397BEC24BCD47A005EEF22 /* Sources */,
				77397BED24BCD47A005EEF22 /* Frameworks */,
				77397BEE24BCD47A005EEF22 /* Resources */,
				773BF9FA24E566B80099B855 /* ShellScript */,
			);
			buildRules = (
			);
			dependencies = (
			);
			name = TheUniverse;
			productName = TheUniverse;
			productReference = 77397BF024BCD47A005EEF22 /* TheUniverse.app */;
			productType = "com.apple.product-type.application";
		};
		77B103BF24F2227900AFEB55 /* TheUniverseUITests */ = {
			isa = PBXNativeTarget;
			buildConfigurationList = 77B103C724F2227900AFEB55 /* Build configuration list for PBXNativeTarget "TheUniverseUITests" */;
			buildPhases = (
				77B103BC24F2227900AFEB55 /* Sources */,
				77B103BD24F2227900AFEB55 /* Frameworks */,
				77B103BE24F2227900AFEB55 /* Resources */,
			);
			buildRules = (
			);
			dependencies = (
				77B103C624F2227900AFEB55 /* PBXTargetDependency */,
			);
			name = TheUniverseUITests;
			productName = TheUniverseUITests;
			productReference = 77B103C024F2227900AFEB55 /* TheUniverseUITests.xctest */;
			productType = "com.apple.product-type.bundle.ui-testing";
		};
		77DC2D5B24EAC61E004275A4 /* TheUniverseTests */ = {
			isa = PBXNativeTarget;
			buildConfigurationList = 77DC2D6324EAC61E004275A4 /* Build configuration list for PBXNativeTarget "TheUniverseTests" */;
			buildPhases = (
				77DC2D5824EAC61E004275A4 /* Sources */,
				77DC2D5924EAC61E004275A4 /* Frameworks */,
				77DC2D5A24EAC61E004275A4 /* Resources */,
			);
			buildRules = (
			);
			dependencies = (
				77DC2D6224EAC61E004275A4 /* PBXTargetDependency */,
			);
			name = TheUniverseTests;
			productName = TheUniverseTests;
			productReference = 77DC2D5C24EAC61E004275A4 /* TheUniverseTests.xctest */;
			productType = "com.apple.product-type.bundle.unit-test";
		};
/* End PBXNativeTarget section */

/* Begin PBXProject section */
		77397BE824BCD47A005EEF22 /* Project object */ = {
			isa = PBXProject;
			attributes = {
				LastSwiftUpdateCheck = 1160;
				LastUpgradeCheck = 1150;
				ORGANIZATIONNAME = "Ronaldo Gomes";
				TargetAttributes = {
					77397BEF24BCD47A005EEF22 = {
						CreatedOnToolsVersion = 11.5;
					};
					77B103BF24F2227900AFEB55 = {
						CreatedOnToolsVersion = 11.6;
						TestTargetID = 77397BEF24BCD47A005EEF22;
					};
					77DC2D5B24EAC61E004275A4 = {
						CreatedOnToolsVersion = 11.6;
						LastSwiftMigration = 1160;
						TestTargetID = 77397BEF24BCD47A005EEF22;
					};
				};
			};
			buildConfigurationList = 77397BEB24BCD47A005EEF22 /* Build configuration list for PBXProject "TheUniverse" */;
			compatibilityVersion = "Xcode 9.3";
			developmentRegion = en;
			hasScannedForEncodings = 0;
			knownRegions = (
				en,
				Base,
			);
			mainGroup = 77397BE724BCD47A005EEF22;
			productRefGroup = 77397BF124BCD47A005EEF22 /* Products */;
			projectDirPath = "";
			projectRoot = "";
			targets = (
				77397BEF24BCD47A005EEF22 /* TheUniverse */,
				77DC2D5B24EAC61E004275A4 /* TheUniverseTests */,
				77B103BF24F2227900AFEB55 /* TheUniverseUITests */,
			);
		};
/* End PBXProject section */

/* Begin PBXResourcesBuildPhase section */
		77397BEE24BCD47A005EEF22 /* Resources */ = {
			isa = PBXResourcesBuildPhase;
			buildActionMask = 2147483647;
			files = (
				770E994224EE9C7400C59F30 /* mars.json in Resources */,
				770E993C24EE9C3300C59F30 /* mercury.json in Resources */,
				770E996224EE9D3E00C59F30 /* charon.json in Resources */,
				770E995624EE9D0500C59F30 /* enceladus.json in Resources */,
				770E994E24EE9CDC00C59F30 /* moon.json in Resources */,
				773BFA4024E58DDA0099B855 /* Stars.storyboard in Resources */,
				770E996424EE9D4800C59F30 /* sun.json in Resources */,
				770E996024EE9D3600C59F30 /* triton.json in Resources */,
				770E994A24EE9CC600C59F30 /* neptune.json in Resources */,
				770E995024EE9CE600C59F30 /* phobos.json in Resources */,
				773BFA3C24E58DA60099B855 /* Planets.storyboard in Resources */,
				770E995824EE9D0E00C59F30 /* ganymede.json in Resources */,
				770E994824EE9CBC00C59F30 /* uranus.json in Resources */,
				770E993E24EE9C4C00C59F30 /* venus.json in Resources */,
				77397C0024BCD47B005EEF22 /* LaunchScreen.storyboard in Resources */,
				770E995C24EE9D2100C59F30 /* io.json in Resources */,
				770A633C24E6BD730072A235 /* .swiftlint.yml in Resources */,
				77F9760724EC3F830051E8BC /* TabBar.storyboard in Resources */,
				770E994C24EE9CD100C59F30 /* pluto.json in Resources */,
				773BFA3E24E58DC90099B855 /* Satellites.storyboard in Resources */,
				770E995A24EE9D1800C59F30 /* callisto.json in Resources */,
				770E995E24EE9D2A00C59F30 /* titania.json in Resources */,
				7739DC3D24E8F1ED00C51E70 /* celestialBody.json in Resources */,
				770E994624EE9CB100C59F30 /* saturn.json in Resources */,
				77397BFD24BCD47B005EEF22 /* Assets.xcassets in Resources */,
				770E994424EE9C8100C59F30 /* jupiter.json in Resources */,
				770E995424EE9CFB00C59F30 /* rhea.json in Resources */,
				770E995224EE9CF100C59F30 /* titan.json in Resources */,
				770E994024EE9C5D00C59F30 /* earth.json in Resources */,
			);
			runOnlyForDeploymentPostprocessing = 0;
		};
		77B103BE24F2227900AFEB55 /* Resources */ = {
			isa = PBXResourcesBuildPhase;
			buildActionMask = 2147483647;
			files = (
			);
			runOnlyForDeploymentPostprocessing = 0;
		};
		77DC2D5A24EAC61E004275A4 /* Resources */ = {
			isa = PBXResourcesBuildPhase;
			buildActionMask = 2147483647;
			files = (
			);
			runOnlyForDeploymentPostprocessing = 0;
		};
/* End PBXResourcesBuildPhase section */

/* Begin PBXShellScriptBuildPhase section */
		773BF9FA24E566B80099B855 /* ShellScript */ = {
			isa = PBXShellScriptBuildPhase;
			buildActionMask = 2147483647;
			files = (
			);
			inputFileListPaths = (
			);
			inputPaths = (
			);
			outputFileListPaths = (
			);
			outputPaths = (
			);
			runOnlyForDeploymentPostprocessing = 0;
			shellPath = /bin/sh;
			shellScript = "# Type a script or drag a script file from your workspace to insert its path.\nif which swiftlint >/dev/null; then\nswiftlint\nelse\necho \"warning: Swiftlint not installed, download from https://github.com/realm/SwiftLint\"\nfi\n";
		};
/* End PBXShellScriptBuildPhase section */

/* Begin PBXSourcesBuildPhase section */
		77397BEC24BCD47A005EEF22 /* Sources */ = {
			isa = PBXSourcesBuildPhase;
			buildActionMask = 2147483647;
			files = (
				770E996624EEA59A00C59F30 /* CelestialBodyDescription.swift in Sources */,
				77682AA8252FE72500572839 /* InformationsTableViewCell.swift in Sources */,
				7739DC4124E8FCF300C51E70 /* CelestialBodyModel.swift in Sources */,
				770A634224E6CC2D0072A235 /* Fonts.swift in Sources */,
				770E996D24EEBDEA00C59F30 /* CelestialBodyDataViewController.swift in Sources */,
				7783609C24EFF1AC00191F50 /* CelestialBodyImagesCollectionView.swift in Sources */,
				774EC1F0250449A200152774 /* Repository.swift in Sources */,
				770A634024E6CA600072A235 /* Colors.swift in Sources */,
				7739DC3F24E8F7F900C51E70 /* CelestialBody.swift in Sources */,
				777A350624ED660900B4874E /* ApiModel.swift in Sources */,
				77397BF424BCD47A005EEF22 /* AppDelegate.swift in Sources */,
				770A634824E6DF1B0072A235 /* CelestialBodyTableViewController.swift in Sources */,
				7751B6F224F7DA1200833E58 /* OnBoardingView.swift in Sources */,
				777A350A24ED6A8500B4874E /* CelestialBodyNames.swift in Sources */,
				770E996824EEA5DC00C59F30 /* CelestialBodyDescriptionModel.swift in Sources */,
				777A350824ED664700B4874E /* Response.swift in Sources */,
				770A634424E6DC2F0072A235 /* TabBarViewController.swift in Sources */,
				77397BF624BCD47A005EEF22 /* SceneDelegate.swift in Sources */,
				778360A124F013E200191F50 /* CelestialBodyImageViewController.swift in Sources */,
				774EC1EE250447B300152774 /* CelestialBodyImages.swift in Sources */,
				7783609E24EFF24100191F50 /* CelestialBodyImagesCollectionViewCell.swift in Sources */,
				77DC2D6924EAFECF004275A4 /* CelestialBodyTableViewCell.swift in Sources */,
				775237912530F954001DC0BB /* CelestialBodyImagesTableViewCell.swift in Sources */,
				7751B6F424F7E5DC00833E58 /* OnBoardingViewController.swift in Sources */,
				77682AA3252FE4A300572839 /* CelestialBodyDataTableView.swift in Sources */,
			);
			runOnlyForDeploymentPostprocessing = 0;
		};
		77B103BC24F2227900AFEB55 /* Sources */ = {
			isa = PBXSourcesBuildPhase;
			buildActionMask = 2147483647;
			files = (
				77B103CB24F2270700AFEB55 /* SecondPageUITests.swift in Sources */,
				77B103CD24F2286A00AFEB55 /* ThirdPageUITests.swift in Sources */,
				77B103C324F2227900AFEB55 /* FisrtPageUITests.swift in Sources */,
			);
			runOnlyForDeploymentPostprocessing = 0;
		};
		77DC2D5824EAC61E004275A4 /* Sources */ = {
			isa = PBXSourcesBuildPhase;
			buildActionMask = 2147483647;
			files = (
				773BD2C2257ED172003D78BF /* URLSessionMock.swift in Sources */,
				773BD2D2257ED18D003D78BF /* DataTaskMock.swift in Sources */,
				77DC2D6724EAC6A4004275A4 /* CelestialBodyModelTests.swift in Sources */,
				773BD2D7257ED1AB003D78BF /* TestDataMock.swift in Sources */,
				77D828E9258174E700E97882 /* ApiModelTests.swift in Sources */,
				77B103B924F21B7800AFEB55 /* CelestialBodyNamesTests.swift in Sources */,
				770E996A24EEA9F400C59F30 /* CelestialBodyDescriptionModelTests.swift in Sources */,
			);
			runOnlyForDeploymentPostprocessing = 0;
		};
/* End PBXSourcesBuildPhase section */

/* Begin PBXTargetDependency section */
		77B103C624F2227900AFEB55 /* PBXTargetDependency */ = {
			isa = PBXTargetDependency;
			target = 77397BEF24BCD47A005EEF22 /* TheUniverse */;
			targetProxy = 77B103C524F2227900AFEB55 /* PBXContainerItemProxy */;
		};
		77DC2D6224EAC61E004275A4 /* PBXTargetDependency */ = {
			isa = PBXTargetDependency;
			target = 77397BEF24BCD47A005EEF22 /* TheUniverse */;
			targetProxy = 77DC2D6124EAC61E004275A4 /* PBXContainerItemProxy */;
		};
/* End PBXTargetDependency section */

/* Begin PBXVariantGroup section */
		77397BFE24BCD47B005EEF22 /* LaunchScreen.storyboard */ = {
			isa = PBXVariantGroup;
			children = (
				77397BFF24BCD47B005EEF22 /* Base */,
			);
			name = LaunchScreen.storyboard;
			sourceTree = "<group>";
		};
/* End PBXVariantGroup section */

/* Begin XCBuildConfiguration section */
		77397C1824BCD47C005EEF22 /* Debug */ = {
			isa = XCBuildConfiguration;
			buildSettings = {
				ALWAYS_SEARCH_USER_PATHS = NO;
				CLANG_ANALYZER_NONNULL = YES;
				CLANG_ANALYZER_NUMBER_OBJECT_CONVERSION = YES_AGGRESSIVE;
				CLANG_CXX_LANGUAGE_STANDARD = "gnu++14";
				CLANG_CXX_LIBRARY = "libc++";
				CLANG_ENABLE_MODULES = YES;
				CLANG_ENABLE_OBJC_ARC = YES;
				CLANG_ENABLE_OBJC_WEAK = YES;
				CLANG_WARN_BLOCK_CAPTURE_AUTORELEASING = YES;
				CLANG_WARN_BOOL_CONVERSION = YES;
				CLANG_WARN_COMMA = YES;
				CLANG_WARN_CONSTANT_CONVERSION = YES;
				CLANG_WARN_DEPRECATED_OBJC_IMPLEMENTATIONS = YES;
				CLANG_WARN_DIRECT_OBJC_ISA_USAGE = YES_ERROR;
				CLANG_WARN_DOCUMENTATION_COMMENTS = YES;
				CLANG_WARN_EMPTY_BODY = YES;
				CLANG_WARN_ENUM_CONVERSION = YES;
				CLANG_WARN_INFINITE_RECURSION = YES;
				CLANG_WARN_INT_CONVERSION = YES;
				CLANG_WARN_NON_LITERAL_NULL_CONVERSION = YES;
				CLANG_WARN_OBJC_IMPLICIT_RETAIN_SELF = YES;
				CLANG_WARN_OBJC_LITERAL_CONVERSION = YES;
				CLANG_WARN_OBJC_ROOT_CLASS = YES_ERROR;
				CLANG_WARN_RANGE_LOOP_ANALYSIS = YES;
				CLANG_WARN_STRICT_PROTOTYPES = YES;
				CLANG_WARN_SUSPICIOUS_MOVE = YES;
				CLANG_WARN_UNGUARDED_AVAILABILITY = YES_AGGRESSIVE;
				CLANG_WARN_UNREACHABLE_CODE = YES;
				CLANG_WARN__DUPLICATE_METHOD_MATCH = YES;
				COPY_PHASE_STRIP = NO;
				DEBUG_INFORMATION_FORMAT = dwarf;
				ENABLE_STRICT_OBJC_MSGSEND = YES;
				ENABLE_TESTABILITY = YES;
				GCC_C_LANGUAGE_STANDARD = gnu11;
				GCC_DYNAMIC_NO_PIC = NO;
				GCC_NO_COMMON_BLOCKS = YES;
				GCC_OPTIMIZATION_LEVEL = 0;
				GCC_PREPROCESSOR_DEFINITIONS = (
					"DEBUG=1",
					"$(inherited)",
				);
				GCC_WARN_64_TO_32_BIT_CONVERSION = YES;
				GCC_WARN_ABOUT_RETURN_TYPE = YES_ERROR;
				GCC_WARN_UNDECLARED_SELECTOR = YES;
				GCC_WARN_UNINITIALIZED_AUTOS = YES_AGGRESSIVE;
				GCC_WARN_UNUSED_FUNCTION = YES;
				GCC_WARN_UNUSED_VARIABLE = YES;
				IPHONEOS_DEPLOYMENT_TARGET = 13.5;
				MTL_ENABLE_DEBUG_INFO = INCLUDE_SOURCE;
				MTL_FAST_MATH = YES;
				ONLY_ACTIVE_ARCH = YES;
				SDKROOT = iphoneos;
				SWIFT_ACTIVE_COMPILATION_CONDITIONS = DEBUG;
				SWIFT_OPTIMIZATION_LEVEL = "-Onone";
			};
			name = Debug;
		};
		77397C1924BCD47C005EEF22 /* Release */ = {
			isa = XCBuildConfiguration;
			buildSettings = {
				ALWAYS_SEARCH_USER_PATHS = NO;
				CLANG_ANALYZER_NONNULL = YES;
				CLANG_ANALYZER_NUMBER_OBJECT_CONVERSION = YES_AGGRESSIVE;
				CLANG_CXX_LANGUAGE_STANDARD = "gnu++14";
				CLANG_CXX_LIBRARY = "libc++";
				CLANG_ENABLE_MODULES = YES;
				CLANG_ENABLE_OBJC_ARC = YES;
				CLANG_ENABLE_OBJC_WEAK = YES;
				CLANG_WARN_BLOCK_CAPTURE_AUTORELEASING = YES;
				CLANG_WARN_BOOL_CONVERSION = YES;
				CLANG_WARN_COMMA = YES;
				CLANG_WARN_CONSTANT_CONVERSION = YES;
				CLANG_WARN_DEPRECATED_OBJC_IMPLEMENTATIONS = YES;
				CLANG_WARN_DIRECT_OBJC_ISA_USAGE = YES_ERROR;
				CLANG_WARN_DOCUMENTATION_COMMENTS = YES;
				CLANG_WARN_EMPTY_BODY = YES;
				CLANG_WARN_ENUM_CONVERSION = YES;
				CLANG_WARN_INFINITE_RECURSION = YES;
				CLANG_WARN_INT_CONVERSION = YES;
				CLANG_WARN_NON_LITERAL_NULL_CONVERSION = YES;
				CLANG_WARN_OBJC_IMPLICIT_RETAIN_SELF = YES;
				CLANG_WARN_OBJC_LITERAL_CONVERSION = YES;
				CLANG_WARN_OBJC_ROOT_CLASS = YES_ERROR;
				CLANG_WARN_RANGE_LOOP_ANALYSIS = YES;
				CLANG_WARN_STRICT_PROTOTYPES = YES;
				CLANG_WARN_SUSPICIOUS_MOVE = YES;
				CLANG_WARN_UNGUARDED_AVAILABILITY = YES_AGGRESSIVE;
				CLANG_WARN_UNREACHABLE_CODE = YES;
				CLANG_WARN__DUPLICATE_METHOD_MATCH = YES;
				COPY_PHASE_STRIP = NO;
				DEBUG_INFORMATION_FORMAT = "dwarf-with-dsym";
				ENABLE_NS_ASSERTIONS = NO;
				ENABLE_STRICT_OBJC_MSGSEND = YES;
				GCC_C_LANGUAGE_STANDARD = gnu11;
				GCC_NO_COMMON_BLOCKS = YES;
				GCC_WARN_64_TO_32_BIT_CONVERSION = YES;
				GCC_WARN_ABOUT_RETURN_TYPE = YES_ERROR;
				GCC_WARN_UNDECLARED_SELECTOR = YES;
				GCC_WARN_UNINITIALIZED_AUTOS = YES_AGGRESSIVE;
				GCC_WARN_UNUSED_FUNCTION = YES;
				GCC_WARN_UNUSED_VARIABLE = YES;
				IPHONEOS_DEPLOYMENT_TARGET = 13.5;
				MTL_ENABLE_DEBUG_INFO = NO;
				MTL_FAST_MATH = YES;
				SDKROOT = iphoneos;
				SWIFT_COMPILATION_MODE = wholemodule;
				SWIFT_OPTIMIZATION_LEVEL = "-O";
				VALIDATE_PRODUCT = YES;
			};
			name = Release;
		};
		77397C1B24BCD47C005EEF22 /* Debug */ = {
			isa = XCBuildConfiguration;
			buildSettings = {
				ASSETCATALOG_COMPILER_APPICON_NAME = AppIcon;
				CODE_SIGN_ENTITLEMENTS = TheUniverse/TheUniverse.entitlements;
				CODE_SIGN_STYLE = Automatic;
				DEVELOPMENT_TEAM = 69Y77S7YQP;
				INFOPLIST_FILE = TheUniverse/Info.plist;
				LD_RUNPATH_SEARCH_PATHS = (
					"$(inherited)",
					"@executable_path/Frameworks",
				);
				PRODUCT_BUNDLE_IDENTIFIER = com.ronaldogomes.TheUniverse;
				PRODUCT_NAME = "$(TARGET_NAME)";
				SWIFT_VERSION = 5.0;
				TARGETED_DEVICE_FAMILY = "1,2";
			};
			name = Debug;
		};
		77397C1C24BCD47C005EEF22 /* Release */ = {
			isa = XCBuildConfiguration;
			buildSettings = {
				ASSETCATALOG_COMPILER_APPICON_NAME = AppIcon;
				CODE_SIGN_ENTITLEMENTS = TheUniverse/TheUniverse.entitlements;
				CODE_SIGN_STYLE = Automatic;
				DEVELOPMENT_TEAM = 69Y77S7YQP;
				INFOPLIST_FILE = TheUniverse/Info.plist;
				LD_RUNPATH_SEARCH_PATHS = (
					"$(inherited)",
					"@executable_path/Frameworks",
				);
				PRODUCT_BUNDLE_IDENTIFIER = com.ronaldogomes.TheUniverse;
				PRODUCT_NAME = "$(TARGET_NAME)";
				SWIFT_VERSION = 5.0;
				TARGETED_DEVICE_FAMILY = "1,2";
			};
			name = Release;
		};
		77B103C824F2227900AFEB55 /* Debug */ = {
			isa = XCBuildConfiguration;
			buildSettings = {
				CODE_SIGN_STYLE = Automatic;
				DEVELOPMENT_TEAM = 69Y77S7YQP;
				INFOPLIST_FILE = TheUniverseUITests/Info.plist;
				IPHONEOS_DEPLOYMENT_TARGET = 13.6;
				LD_RUNPATH_SEARCH_PATHS = (
					"$(inherited)",
					"@executable_path/Frameworks",
					"@loader_path/Frameworks",
				);
				PRODUCT_BUNDLE_IDENTIFIER = com.ronaldogomes.TheUniverseUITests;
				PRODUCT_NAME = "$(TARGET_NAME)";
				SWIFT_VERSION = 5.0;
				TARGETED_DEVICE_FAMILY = "1,2";
				TEST_TARGET_NAME = TheUniverse;
			};
			name = Debug;
		};
		77B103C924F2227900AFEB55 /* Release */ = {
			isa = XCBuildConfiguration;
			buildSettings = {
				CODE_SIGN_STYLE = Automatic;
				DEVELOPMENT_TEAM = 69Y77S7YQP;
				INFOPLIST_FILE = TheUniverseUITests/Info.plist;
				IPHONEOS_DEPLOYMENT_TARGET = 13.6;
				LD_RUNPATH_SEARCH_PATHS = (
					"$(inherited)",
					"@executable_path/Frameworks",
					"@loader_path/Frameworks",
				);
				PRODUCT_BUNDLE_IDENTIFIER = com.ronaldogomes.TheUniverseUITests;
				PRODUCT_NAME = "$(TARGET_NAME)";
				SWIFT_VERSION = 5.0;
				TARGETED_DEVICE_FAMILY = "1,2";
				TEST_TARGET_NAME = TheUniverse;
			};
			name = Release;
		};
		77DC2D6424EAC61E004275A4 /* Debug */ = {
			isa = XCBuildConfiguration;
			buildSettings = {
				BUNDLE_LOADER = "$(TEST_HOST)";
				CLANG_ENABLE_MODULES = YES;
				CODE_SIGN_STYLE = Automatic;
				DEVELOPMENT_TEAM = 69Y77S7YQP;
				INFOPLIST_FILE = TheUniverseTests/Info.plist;
				IPHONEOS_DEPLOYMENT_TARGET = 13.6;
				LD_RUNPATH_SEARCH_PATHS = (
					"$(inherited)",
					"@executable_path/Frameworks",
					"@loader_path/Frameworks",
				);
				PRODUCT_BUNDLE_IDENTIFIER = com.ronaldogomes.TheUniverseTests;
				PRODUCT_NAME = "$(TARGET_NAME)";
				SWIFT_OPTIMIZATION_LEVEL = "-Onone";
				SWIFT_VERSION = 5.0;
				TARGETED_DEVICE_FAMILY = "1,2";
				TEST_HOST = "$(BUILT_PRODUCTS_DIR)/TheUniverse.app/TheUniverse";
			};
			name = Debug;
		};
		77DC2D6524EAC61E004275A4 /* Release */ = {
			isa = XCBuildConfiguration;
			buildSettings = {
				BUNDLE_LOADER = "$(TEST_HOST)";
				CLANG_ENABLE_MODULES = YES;
				CODE_SIGN_STYLE = Automatic;
				DEVELOPMENT_TEAM = 69Y77S7YQP;
				INFOPLIST_FILE = TheUniverseTests/Info.plist;
				IPHONEOS_DEPLOYMENT_TARGET = 13.6;
				LD_RUNPATH_SEARCH_PATHS = (
					"$(inherited)",
					"@executable_path/Frameworks",
					"@loader_path/Frameworks",
				);
				PRODUCT_BUNDLE_IDENTIFIER = com.ronaldogomes.TheUniverseTests;
				PRODUCT_NAME = "$(TARGET_NAME)";
				SWIFT_VERSION = 5.0;
				TARGETED_DEVICE_FAMILY = "1,2";
				TEST_HOST = "$(BUILT_PRODUCTS_DIR)/TheUniverse.app/TheUniverse";
			};
			name = Release;
		};
/* End XCBuildConfiguration section */

/* Begin XCConfigurationList section */
		77397BEB24BCD47A005EEF22 /* Build configuration list for PBXProject "TheUniverse" */ = {
			isa = XCConfigurationList;
			buildConfigurations = (
				77397C1824BCD47C005EEF22 /* Debug */,
				77397C1924BCD47C005EEF22 /* Release */,
			);
			defaultConfigurationIsVisible = 0;
			defaultConfigurationName = Release;
		};
		77397C1A24BCD47C005EEF22 /* Build configuration list for PBXNativeTarget "TheUniverse" */ = {
			isa = XCConfigurationList;
			buildConfigurations = (
				77397C1B24BCD47C005EEF22 /* Debug */,
				77397C1C24BCD47C005EEF22 /* Release */,
			);
			defaultConfigurationIsVisible = 0;
			defaultConfigurationName = Release;
		};
		77B103C724F2227900AFEB55 /* Build configuration list for PBXNativeTarget "TheUniverseUITests" */ = {
			isa = XCConfigurationList;
			buildConfigurations = (
				77B103C824F2227900AFEB55 /* Debug */,
				77B103C924F2227900AFEB55 /* Release */,
			);
			defaultConfigurationIsVisible = 0;
			defaultConfigurationName = Release;
		};
		77DC2D6324EAC61E004275A4 /* Build configuration list for PBXNativeTarget "TheUniverseTests" */ = {
			isa = XCConfigurationList;
			buildConfigurations = (
				77DC2D6424EAC61E004275A4 /* Debug */,
				77DC2D6524EAC61E004275A4 /* Release */,
			);
			defaultConfigurationIsVisible = 0;
			defaultConfigurationName = Release;
		};
/* End XCConfigurationList section */
	};
	rootObject = 77397BE824BCD47A005EEF22 /* Project object */;
}
